
Microsoft Visual Studio Solution File, Format Version 12.00
# Visual Studio Version 17
VisualStudioVersion = 17.14.36908.2 d17.14
MinimumVisualStudioVersion = 10.0.40219.1
Project("{FAE04EC0-301F-11D3-BF4B-00C04F79EFBC}") = "EduAsistant", "EduAsistant\EduAsistant.csproj", "{24D3B443-DBB4-459E-BBA3-802AC5D0B173}"
EndProject
Global
	GlobalSection(SolutionConfigurationPlatforms) = preSolution
		Debug|Any CPU = Debug|Any CPU
		Release|Any CPU = Release|Any CPU
	EndGlobalSection
	GlobalSection(ProjectConfigurationPlatforms) = postSolution
		{24D3B443-DBB4-459E-BBA3-802AC5D0B173}.Debug|Any CPU.ActiveCfg = Debug|Any CPU
		{24D3B443-DBB4-459E-BBA3-802AC5D0B173}.Debug|Any CPU.Build.0 = Debug|Any CPU
		{24D3B443-DBB4-459E-BBA3-802AC5D0B173}.Release|Any CPU.ActiveCfg = Release|Any CPU
		{24D3B443-DBB4-459E-BBA3-802AC5D0B173}.Release|Any CPU.Build.0 = Release|Any CPU
	EndGlobalSection
	GlobalSection(SolutionProperties) = preSolution
		HideSolutionNode = FALSE
	EndGlobalSection
	GlobalSection(ExtensibilityGlobals) = postSolution
		SolutionGuid = {4AAE31C1-0501-468C-82EE-0125BF2ACDDB}
	EndGlobalSection
EndGlobal
